// !$*UTF8*$!
{
	archiveVersion = 1;
	classes = {
	};
	objectVersion = 52;
	objects = {

/* Begin PBXBuildFile section */
		BC1720AF25E27A400026BEE4 /* WalletAssetView.swift in Sources */ = {isa = PBXBuildFile; fileRef = BC1720AE25E27A400026BEE4 /* WalletAssetView.swift */; };
		BC1720B225E281970026BEE4 /* WalletSpotAssetView.swift in Sources */ = {isa = PBXBuildFile; fileRef = BC1720B125E281970026BEE4 /* WalletSpotAssetView.swift */; };
		BC1720B525E281CC0026BEE4 /* WalletSpotAssetViewModel.swift in Sources */ = {isa = PBXBuildFile; fileRef = BC1720B425E281CC0026BEE4 /* WalletSpotAssetViewModel.swift */; };
		BC1720B825E281FB0026BEE4 /* BalanceModel.swift in Sources */ = {isa = PBXBuildFile; fileRef = BC1720B725E281FB0026BEE4 /* BalanceModel.swift */; };
		BC1720BB25E283250026BEE4 /* ErrorModel.swift in Sources */ = {isa = PBXBuildFile; fileRef = BC1720BA25E283250026BEE4 /* ErrorModel.swift */; };
		BC1720BE25E294150026BEE4 /* FiatSelectView.swift in Sources */ = {isa = PBXBuildFile; fileRef = BC1720BD25E294150026BEE4 /* FiatSelectView.swift */; };
		BC1720C225E2AB1D0026BEE4 /* SwiftUICharts in Frameworks */ = {isa = PBXBuildFile; productRef = BC1720C125E2AB1D0026BEE4 /* SwiftUICharts */; };
		BC1720C525E2AB770026BEE4 /* ChartView.swift in Sources */ = {isa = PBXBuildFile; fileRef = BC1720C425E2AB770026BEE4 /* ChartView.swift */; };
		BC1720C825E2B3BB0026BEE4 /* ChartViewModel.swift in Sources */ = {isa = PBXBuildFile; fileRef = BC1720C725E2B3BB0026BEE4 /* ChartViewModel.swift */; };
		BC2EAD5C25BC8452004AB5D8 /* Dash_MonkeyApp.swift in Sources */ = {isa = PBXBuildFile; fileRef = BC2EAD5B25BC8452004AB5D8 /* Dash_MonkeyApp.swift */; };
		BC2EAD5E25BC8452004AB5D8 /* ContentView.swift in Sources */ = {isa = PBXBuildFile; fileRef = BC2EAD5D25BC8452004AB5D8 /* ContentView.swift */; };
		BC2EAD6025BC8453004AB5D8 /* Assets.xcassets in Resources */ = {isa = PBXBuildFile; fileRef = BC2EAD5F25BC8453004AB5D8 /* Assets.xcassets */; };
		BC2EAD6325BC8453004AB5D8 /* Preview Assets.xcassets in Resources */ = {isa = PBXBuildFile; fileRef = BC2EAD6225BC8453004AB5D8 /* Preview Assets.xcassets */; };
		BC2EAD7425BC8626004AB5D8 /* Neumorphic in Frameworks */ = {isa = PBXBuildFile; productRef = BC2EAD7325BC8626004AB5D8 /* Neumorphic */; };
		BC2EAD8225BC985F004AB5D8 /* .swiftlint.yml in Resources */ = {isa = PBXBuildFile; fileRef = BC2EAD8125BC985F004AB5D8 /* .swiftlint.yml */; };
		BC2EAD8D25BC99FD004AB5D8 /* .travis.yml in Resources */ = {isa = PBXBuildFile; fileRef = BC2EAD8C25BC99FD004AB5D8 /* .travis.yml */; };
		BC40F4E925C2F068009D4FA9 /* WalletView.swift in Sources */ = {isa = PBXBuildFile; fileRef = BC40F4E825C2F068009D4FA9 /* WalletView.swift */; };
		BC7CDEDD25C086D500D47C59 /* monkeyTwo.json in Resources */ = {isa = PBXBuildFile; fileRef = BC7CDEDC25C086D500D47C59 /* monkeyTwo.json */; };
		BC7CDEE025C087D400D47C59 /* monkeyThree.json in Resources */ = {isa = PBXBuildFile; fileRef = BC7CDEDF25C087D400D47C59 /* monkeyThree.json */; };
		BC8ED70125EBC4E3004E4868 /* TxnModel.swift in Sources */ = {isa = PBXBuildFile; fileRef = BC8ED70025EBC4E3004E4868 /* TxnModel.swift */; };
		BC8ED70425EBC52C004E4868 /* TxnViewModel.swift in Sources */ = {isa = PBXBuildFile; fileRef = BC8ED70325EBC52C004E4868 /* TxnViewModel.swift */; };
		BC8ED70725EBC815004E4868 /* TnxListView.swift in Sources */ = {isa = PBXBuildFile; fileRef = BC8ED70625EBC815004E4868 /* TnxListView.swift */; };
		BCCF501325C455C300008B11 /* CurrencySelectView.swift in Sources */ = {isa = PBXBuildFile; fileRef = BCCF501225C455C300008B11 /* CurrencySelectView.swift */; };
		BCF040BC25BF5A9D00D5A940 /* HomeView.swift in Sources */ = {isa = PBXBuildFile; fileRef = BCF040BB25BF5A9D00D5A940 /* HomeView.swift */; };
		BCF040C125C0508C00D5A940 /* spotPricesView.swift in Sources */ = {isa = PBXBuildFile; fileRef = BCF040C025C0508C00D5A940 /* spotPricesView.swift */; };
		BCF040C425C05E5500D5A940 /* SpotPriceModel.swift in Sources */ = {isa = PBXBuildFile; fileRef = BCF040C325C05E5500D5A940 /* SpotPriceModel.swift */; };
		BCF040CA25C0602700D5A940 /* SpotPriceViewModel.swift in Sources */ = {isa = PBXBuildFile; fileRef = BCF040C925C0602700D5A940 /* SpotPriceViewModel.swift */; };
		BCF040D125C0654300D5A940 /* Globals.swift in Sources */ = {isa = PBXBuildFile; fileRef = BCF040D025C0654300D5A940 /* Globals.swift */; };
		BCF040D925C0708A00D5A940 /* LottieView.swift in Sources */ = {isa = PBXBuildFile; fileRef = BCF040D825C0708A00D5A940 /* LottieView.swift */; };
		BCF040DC25C07AA600D5A940 /* TabView.swift in Sources */ = {isa = PBXBuildFile; fileRef = BCF040DB25C07AA600D5A940 /* TabView.swift */; };
		BCF040FA25C0837F00D5A940 /* monkey.json in Resources */ = {isa = PBXBuildFile; fileRef = BCF040F925C0837F00D5A940 /* monkey.json */; };
		BCF2170625E1C7FC00D88066 /* Wallet.swift in Sources */ = {isa = PBXBuildFile; fileRef = BCF2170525E1C7FC00D88066 /* Wallet.swift */; };
		BCFDEE6825C878E700CACCED /* AddAddressView.swift in Sources */ = {isa = PBXBuildFile; fileRef = BCFDEE6725C878E700CACCED /* AddAddressView.swift */; };
		BCFDEE7725C87FAD00CACCED /* nothing.json in Resources */ = {isa = PBXBuildFile; fileRef = BCFDEE7625C87FAD00CACCED /* nothing.json */; };
		D94DF7F8B7414ACD7C065F15 /* Pods_Dash_Monkey.framework in Frameworks */ = {isa = PBXBuildFile; fileRef = 139717369839A5FE5CB3295A /* Pods_Dash_Monkey.framework */; };
/* End PBXBuildFile section */

/* Begin PBXFileReference section */
		139717369839A5FE5CB3295A /* Pods_Dash_Monkey.framework */ = {isa = PBXFileReference; explicitFileType = wrapper.framework; includeInIndex = 0; path = Pods_Dash_Monkey.framework; sourceTree = BUILT_PRODUCTS_DIR; };
		6AA3CE354A8A8991490E8C89 /* Pods-Dash Monkey.debug.xcconfig */ = {isa = PBXFileReference; includeInIndex = 1; lastKnownFileType = text.xcconfig; name = "Pods-Dash Monkey.debug.xcconfig"; path = "Target Support Files/Pods-Dash Monkey/Pods-Dash Monkey.debug.xcconfig"; sourceTree = "<group>"; };
		B4E72BDCED8CA085800CCA3C /* Pods-Dash Monkey.release.xcconfig */ = {isa = PBXFileReference; includeInIndex = 1; lastKnownFileType = text.xcconfig; name = "Pods-Dash Monkey.release.xcconfig"; path = "Target Support Files/Pods-Dash Monkey/Pods-Dash Monkey.release.xcconfig"; sourceTree = "<group>"; };
		BC1720AE25E27A400026BEE4 /* WalletAssetView.swift */ = {isa = PBXFileReference; lastKnownFileType = sourcecode.swift; path = WalletAssetView.swift; sourceTree = "<group>"; };
		BC1720B125E281970026BEE4 /* WalletSpotAssetView.swift */ = {isa = PBXFileReference; lastKnownFileType = sourcecode.swift; path = WalletSpotAssetView.swift; sourceTree = "<group>"; };
		BC1720B425E281CC0026BEE4 /* WalletSpotAssetViewModel.swift */ = {isa = PBXFileReference; lastKnownFileType = sourcecode.swift; path = WalletSpotAssetViewModel.swift; sourceTree = "<group>"; };
		BC1720B725E281FB0026BEE4 /* BalanceModel.swift */ = {isa = PBXFileReference; lastKnownFileType = sourcecode.swift; path = BalanceModel.swift; sourceTree = "<group>"; };
		BC1720BA25E283250026BEE4 /* ErrorModel.swift */ = {isa = PBXFileReference; lastKnownFileType = sourcecode.swift; path = ErrorModel.swift; sourceTree = "<group>"; };
		BC1720BD25E294150026BEE4 /* FiatSelectView.swift */ = {isa = PBXFileReference; lastKnownFileType = sourcecode.swift; path = FiatSelectView.swift; sourceTree = "<group>"; };
		BC1720C425E2AB770026BEE4 /* ChartView.swift */ = {isa = PBXFileReference; lastKnownFileType = sourcecode.swift; path = ChartView.swift; sourceTree = "<group>"; };
		BC1720C725E2B3BB0026BEE4 /* ChartViewModel.swift */ = {isa = PBXFileReference; lastKnownFileType = sourcecode.swift; path = ChartViewModel.swift; sourceTree = "<group>"; };
		BC2EAD5825BC8452004AB5D8 /* Dash Monkey.app */ = {isa = PBXFileReference; explicitFileType = wrapper.application; includeInIndex = 0; path = "Dash Monkey.app"; sourceTree = BUILT_PRODUCTS_DIR; };
		BC2EAD5B25BC8452004AB5D8 /* Dash_MonkeyApp.swift */ = {isa = PBXFileReference; lastKnownFileType = sourcecode.swift; path = Dash_MonkeyApp.swift; sourceTree = "<group>"; };
		BC2EAD5D25BC8452004AB5D8 /* ContentView.swift */ = {isa = PBXFileReference; lastKnownFileType = sourcecode.swift; path = ContentView.swift; sourceTree = "<group>"; };
		BC2EAD5F25BC8453004AB5D8 /* Assets.xcassets */ = {isa = PBXFileReference; lastKnownFileType = folder.assetcatalog; path = Assets.xcassets; sourceTree = "<group>"; };
		BC2EAD6225BC8453004AB5D8 /* Preview Assets.xcassets */ = {isa = PBXFileReference; lastKnownFileType = folder.assetcatalog; path = "Preview Assets.xcassets"; sourceTree = "<group>"; };
		BC2EAD6925BC8453004AB5D8 /* Info.plist */ = {isa = PBXFileReference; lastKnownFileType = text.plist.xml; path = Info.plist; sourceTree = "<group>"; };
		BC2EAD8125BC985F004AB5D8 /* .swiftlint.yml */ = {isa = PBXFileReference; lastKnownFileType = text.yaml; path = .swiftlint.yml; sourceTree = "<group>"; };
		BC2EAD8C25BC99FD004AB5D8 /* .travis.yml */ = {isa = PBXFileReference; lastKnownFileType = text.yaml; path = .travis.yml; sourceTree = "<group>"; };
		BC40F4E825C2F068009D4FA9 /* WalletView.swift */ = {isa = PBXFileReference; lastKnownFileType = sourcecode.swift; path = WalletView.swift; sourceTree = "<group>"; };
		BC7CDEDC25C086D500D47C59 /* monkeyTwo.json */ = {isa = PBXFileReference; fileEncoding = 4; lastKnownFileType = text.json; path = monkeyTwo.json; sourceTree = "<group>"; };
		BC7CDEDF25C087D400D47C59 /* monkeyThree.json */ = {isa = PBXFileReference; fileEncoding = 4; lastKnownFileType = text.json; path = monkeyThree.json; sourceTree = "<group>"; };
		BC8ED70025EBC4E3004E4868 /* TxnModel.swift */ = {isa = PBXFileReference; lastKnownFileType = sourcecode.swift; path = TxnModel.swift; sourceTree = "<group>"; };
		BC8ED70325EBC52C004E4868 /* TxnViewModel.swift */ = {isa = PBXFileReference; lastKnownFileType = sourcecode.swift; path = TxnViewModel.swift; sourceTree = "<group>"; };
		BC8ED70625EBC815004E4868 /* TnxListView.swift */ = {isa = PBXFileReference; lastKnownFileType = sourcecode.swift; path = TnxListView.swift; sourceTree = "<group>"; };
		BCCF501225C455C300008B11 /* CurrencySelectView.swift */ = {isa = PBXFileReference; lastKnownFileType = sourcecode.swift; path = CurrencySelectView.swift; sourceTree = "<group>"; };
		BCF040BB25BF5A9D00D5A940 /* HomeView.swift */ = {isa = PBXFileReference; lastKnownFileType = sourcecode.swift; path = HomeView.swift; sourceTree = "<group>"; };
		BCF040C025C0508C00D5A940 /* spotPricesView.swift */ = {isa = PBXFileReference; lastKnownFileType = sourcecode.swift; path = spotPricesView.swift; sourceTree = "<group>"; };
		BCF040C325C05E5500D5A940 /* SpotPriceModel.swift */ = {isa = PBXFileReference; lastKnownFileType = sourcecode.swift; path = SpotPriceModel.swift; sourceTree = "<group>"; };
		BCF040C925C0602700D5A940 /* SpotPriceViewModel.swift */ = {isa = PBXFileReference; lastKnownFileType = sourcecode.swift; path = SpotPriceViewModel.swift; sourceTree = "<group>"; };
		BCF040D025C0654300D5A940 /* Globals.swift */ = {isa = PBXFileReference; lastKnownFileType = sourcecode.swift; path = Globals.swift; sourceTree = "<group>"; };
		BCF040D825C0708A00D5A940 /* LottieView.swift */ = {isa = PBXFileReference; lastKnownFileType = sourcecode.swift; path = LottieView.swift; sourceTree = "<group>"; };
		BCF040DB25C07AA600D5A940 /* TabView.swift */ = {isa = PBXFileReference; lastKnownFileType = sourcecode.swift; path = TabView.swift; sourceTree = "<group>"; };
		BCF040F925C0837F00D5A940 /* monkey.json */ = {isa = PBXFileReference; fileEncoding = 4; lastKnownFileType = text.json; path = monkey.json; sourceTree = "<group>"; };
		BCF2170525E1C7FC00D88066 /* Wallet.swift */ = {isa = PBXFileReference; lastKnownFileType = sourcecode.swift; path = Wallet.swift; sourceTree = "<group>"; };
		BCFDEE6725C878E700CACCED /* AddAddressView.swift */ = {isa = PBXFileReference; lastKnownFileType = sourcecode.swift; path = AddAddressView.swift; sourceTree = "<group>"; };
		BCFDEE7625C87FAD00CACCED /* nothing.json */ = {isa = PBXFileReference; fileEncoding = 4; lastKnownFileType = text.json; path = nothing.json; sourceTree = "<group>"; };
/* End PBXFileReference section */

/* Begin PBXFrameworksBuildPhase section */
		BC2EAD5525BC8452004AB5D8 /* Frameworks */ = {
			isa = PBXFrameworksBuildPhase;
			buildActionMask = 2147483647;
			files = (
				BC1720C225E2AB1D0026BEE4 /* SwiftUICharts in Frameworks */,
				BC2EAD7425BC8626004AB5D8 /* Neumorphic in Frameworks */,
				D94DF7F8B7414ACD7C065F15 /* Pods_Dash_Monkey.framework in Frameworks */,
			);
			runOnlyForDeploymentPostprocessing = 0;
		};
/* End PBXFrameworksBuildPhase section */

/* Begin PBXGroup section */
		8E40ECE8D08877099960B995 /* Frameworks */ = {
			isa = PBXGroup;
			children = (
				139717369839A5FE5CB3295A /* Pods_Dash_Monkey.framework */,
			);
			name = Frameworks;
			sourceTree = "<group>";
		};
		BC2EAD4F25BC8452004AB5D8 = {
			isa = PBXGroup;
			children = (
				BC2EAD8125BC985F004AB5D8 /* .swiftlint.yml */,
				BC2EAD8C25BC99FD004AB5D8 /* .travis.yml */,
				BC2EAD5A25BC8452004AB5D8 /* Dash Monkey */,
				BC2EAD5925BC8452004AB5D8 /* Products */,
				E6A891556625690849EFE9F6 /* Pods */,
				8E40ECE8D08877099960B995 /* Frameworks */,
			);
			sourceTree = "<group>";
		};
		BC2EAD5925BC8452004AB5D8 /* Products */ = {
			isa = PBXGroup;
			children = (
				BC2EAD5825BC8452004AB5D8 /* Dash Monkey.app */,
			);
			name = Products;
			sourceTree = "<group>";
		};
		BC2EAD5A25BC8452004AB5D8 /* Dash Monkey */ = {
			isa = PBXGroup;
			children = (
				BC837D6B25BF3F4700B97A79 /* Views */,
				BC837D6925BF3F2900B97A79 /* ViewModels */,
				BC837D6825BF3F1300B97A79 /* Models */,
				BC2EAD5B25BC8452004AB5D8 /* Dash_MonkeyApp.swift */,
				BC2EAD5D25BC8452004AB5D8 /* ContentView.swift */,
				BCF040DE25C07EEF00D5A940 /* Lottie */,
				BC2EAD5F25BC8453004AB5D8 /* Assets.xcassets */,
				BC2EAD6925BC8453004AB5D8 /* Info.plist */,
				BC2EAD6125BC8453004AB5D8 /* Preview Content */,
				BCF040D025C0654300D5A940 /* Globals.swift */,
			);
			path = "Dash Monkey";
			sourceTree = "<group>";
		};
		BC2EAD6125BC8453004AB5D8 /* Preview Content */ = {
			isa = PBXGroup;
			children = (
				BC2EAD6225BC8453004AB5D8 /* Preview Assets.xcassets */,
			);
			path = "Preview Content";
			sourceTree = "<group>";
		};
		BC837D6825BF3F1300B97A79 /* Models */ = {
			isa = PBXGroup;
			children = (
				BCF040C325C05E5500D5A940 /* SpotPriceModel.swift */,
				BCF2170525E1C7FC00D88066 /* Wallet.swift */,
				BC1720B725E281FB0026BEE4 /* BalanceModel.swift */,
				BC1720BA25E283250026BEE4 /* ErrorModel.swift */,
				BC8ED70025EBC4E3004E4868 /* TxnModel.swift */,
			);
			path = Models;
			sourceTree = "<group>";
		};
		BC837D6925BF3F2900B97A79 /* ViewModels */ = {
			isa = PBXGroup;
			children = (
				BCF040C925C0602700D5A940 /* SpotPriceViewModel.swift */,
				BC1720B425E281CC0026BEE4 /* WalletSpotAssetViewModel.swift */,
				BC1720C725E2B3BB0026BEE4 /* ChartViewModel.swift */,
				BC8ED70325EBC52C004E4868 /* TxnViewModel.swift */,
			);
			path = ViewModels;
			sourceTree = "<group>";
		};
		BC837D6B25BF3F4700B97A79 /* Views */ = {
			isa = PBXGroup;
			children = (
				BCF040BB25BF5A9D00D5A940 /* HomeView.swift */,
				BC1720C425E2AB770026BEE4 /* ChartView.swift */,
				BCCF501225C455C300008B11 /* CurrencySelectView.swift */,
				BC1720BD25E294150026BEE4 /* FiatSelectView.swift */,
				BCF040C025C0508C00D5A940 /* spotPricesView.swift */,
				BCF040D825C0708A00D5A940 /* LottieView.swift */,
				BCF040DB25C07AA600D5A940 /* TabView.swift */,
				BC40F4E825C2F068009D4FA9 /* WalletView.swift */,
				BC1720AE25E27A400026BEE4 /* WalletAssetView.swift */,
				BCFDEE6725C878E700CACCED /* AddAddressView.swift */,
				BC8ED70625EBC815004E4868 /* TnxListView.swift */,
				BC1720B125E281970026BEE4 /* WalletSpotAssetView.swift */,
			);
			path = Views;
			sourceTree = "<group>";
		};
		BCF040DE25C07EEF00D5A940 /* Lottie */ = {
			isa = PBXGroup;
			children = (
				BC7CDEDF25C087D400D47C59 /* monkeyThree.json */,
				BCFDEE7625C87FAD00CACCED /* nothing.json */,
				BC7CDEDC25C086D500D47C59 /* monkeyTwo.json */,
				BCF040F925C0837F00D5A940 /* monkey.json */,
			);
			path = Lottie;
			sourceTree = "<group>";
		};
		E6A891556625690849EFE9F6 /* Pods */ = {
			isa = PBXGroup;
			children = (
				6AA3CE354A8A8991490E8C89 /* Pods-Dash Monkey.debug.xcconfig */,
				B4E72BDCED8CA085800CCA3C /* Pods-Dash Monkey.release.xcconfig */,
			);
			path = Pods;
			sourceTree = "<group>";
		};
/* End PBXGroup section */

/* Begin PBXNativeTarget section */
		BC2EAD5725BC8452004AB5D8 /* Dash Monkey */ = {
			isa = PBXNativeTarget;
			buildConfigurationList = BC2EAD6C25BC8453004AB5D8 /* Build configuration list for PBXNativeTarget "Dash Monkey" */;
			buildPhases = (
				B4BB7DC54148FF36F3D744F5 /* [CP] Check Pods Manifest.lock */,
				BC2EAD5425BC8452004AB5D8 /* Sources */,
				BC2EAD5525BC8452004AB5D8 /* Frameworks */,
				BC2EAD5625BC8452004AB5D8 /* Resources */,
				397A28C2C203AA0F3977E6EF /* [CP] Embed Pods Frameworks */,
				BC2EAD8425BC98AE004AB5D8 /* ShellScript */,
			);
			buildRules = (
			);
			dependencies = (
			);
			name = "Dash Monkey";
			packageProductDependencies = (
				BC2EAD7325BC8626004AB5D8 /* Neumorphic */,
				BC1720C125E2AB1D0026BEE4 /* SwiftUICharts */,
			);
			productName = "Dash Monkey";
			productReference = BC2EAD5825BC8452004AB5D8 /* Dash Monkey.app */;
			productType = "com.apple.product-type.application";
		};
/* End PBXNativeTarget section */

/* Begin PBXProject section */
		BC2EAD5025BC8452004AB5D8 /* Project object */ = {
			isa = PBXProject;
			attributes = {
				LastSwiftUpdateCheck = 1220;
				LastUpgradeCheck = 1220;
				TargetAttributes = {
					BC2EAD5725BC8452004AB5D8 = {
						CreatedOnToolsVersion = 12.2;
					};
				};
			};
			buildConfigurationList = BC2EAD5325BC8452004AB5D8 /* Build configuration list for PBXProject "Dash Monkey" */;
			compatibilityVersion = "Xcode 9.3";
			developmentRegion = en;
			hasScannedForEncodings = 0;
			knownRegions = (
				en,
				Base,
			);
			mainGroup = BC2EAD4F25BC8452004AB5D8;
			packageReferences = (
				BC2EAD7225BC8626004AB5D8 /* XCRemoteSwiftPackageReference "neumorphic" */,
				BC1720C025E2AB1D0026BEE4 /* XCRemoteSwiftPackageReference "ChartView" */,
			);
			productRefGroup = BC2EAD5925BC8452004AB5D8 /* Products */;
			projectDirPath = "";
			projectRoot = "";
			targets = (
				BC2EAD5725BC8452004AB5D8 /* Dash Monkey */,
			);
		};
/* End PBXProject section */

/* Begin PBXResourcesBuildPhase section */
		BC2EAD5625BC8452004AB5D8 /* Resources */ = {
			isa = PBXResourcesBuildPhase;
			buildActionMask = 2147483647;
			files = (
				BC2EAD8225BC985F004AB5D8 /* .swiftlint.yml in Resources */,
				BC7CDEDD25C086D500D47C59 /* monkeyTwo.json in Resources */,
				BC7CDEE025C087D400D47C59 /* monkeyThree.json in Resources */,
				BCFDEE7725C87FAD00CACCED /* nothing.json in Resources */,
				BCF040FA25C0837F00D5A940 /* monkey.json in Resources */,
				BC2EAD6325BC8453004AB5D8 /* Preview Assets.xcassets in Resources */,
				BC2EAD8D25BC99FD004AB5D8 /* .travis.yml in Resources */,
				BC2EAD6025BC8453004AB5D8 /* Assets.xcassets in Resources */,
			);
			runOnlyForDeploymentPostprocessing = 0;
		};
/* End PBXResourcesBuildPhase section */

/* Begin PBXShellScriptBuildPhase section */
		397A28C2C203AA0F3977E6EF /* [CP] Embed Pods Frameworks */ = {
			isa = PBXShellScriptBuildPhase;
			buildActionMask = 2147483647;
			files = (
			);
			inputFileListPaths = (
				"${PODS_ROOT}/Target Support Files/Pods-Dash Monkey/Pods-Dash Monkey-frameworks-${CONFIGURATION}-input-files.xcfilelist",
			);
			name = "[CP] Embed Pods Frameworks";
			outputFileListPaths = (
				"${PODS_ROOT}/Target Support Files/Pods-Dash Monkey/Pods-Dash Monkey-frameworks-${CONFIGURATION}-output-files.xcfilelist",
			);
			runOnlyForDeploymentPostprocessing = 0;
			shellPath = /bin/sh;
			shellScript = "\"${PODS_ROOT}/Target Support Files/Pods-Dash Monkey/Pods-Dash Monkey-frameworks.sh\"\n";
			showEnvVarsInLog = 0;
		};
		B4BB7DC54148FF36F3D744F5 /* [CP] Check Pods Manifest.lock */ = {
			isa = PBXShellScriptBuildPhase;
			buildActionMask = 2147483647;
			files = (
			);
			inputFileListPaths = (
			);
			inputPaths = (
				"${PODS_PODFILE_DIR_PATH}/Podfile.lock",
				"${PODS_ROOT}/Manifest.lock",
			);
			name = "[CP] Check Pods Manifest.lock";
			outputFileListPaths = (
			);
			outputPaths = (
				"$(DERIVED_FILE_DIR)/Pods-Dash Monkey-checkManifestLockResult.txt",
			);
			runOnlyForDeploymentPostprocessing = 0;
			shellPath = /bin/sh;
			shellScript = "diff \"${PODS_PODFILE_DIR_PATH}/Podfile.lock\" \"${PODS_ROOT}/Manifest.lock\" > /dev/null\nif [ $? != 0 ] ; then\n    # print error to STDERR\n    echo \"error: The sandbox is not in sync with the Podfile.lock. Run 'pod install' or update your CocoaPods installation.\" >&2\n    exit 1\nfi\n# This output is used by Xcode 'outputs' to avoid re-running this script phase.\necho \"SUCCESS\" > \"${SCRIPT_OUTPUT_FILE_0}\"\n";
			showEnvVarsInLog = 0;
		};
		BC2EAD8425BC98AE004AB5D8 /* ShellScript */ = {
			isa = PBXShellScriptBuildPhase;
			buildActionMask = 2147483647;
			files = (
			);
			inputFileListPaths = (
			);
			inputPaths = (
			);
			outputFileListPaths = (
			);
			outputPaths = (
			);
			runOnlyForDeploymentPostprocessing = 0;
			shellPath = /bin/sh;
			shellScript = "if which swiftlint >/dev/null; then\n    swiftlint\nelse\n    echo \"warning: SwiftLint not installed, download from https://github.com/realm/SwiftLint\"\nfi\n";
		};
/* End PBXShellScriptBuildPhase section */

/* Begin PBXSourcesBuildPhase section */
		BC2EAD5425BC8452004AB5D8 /* Sources */ = {
			isa = PBXSourcesBuildPhase;
			buildActionMask = 2147483647;
			files = (
				BC1720AF25E27A400026BEE4 /* WalletAssetView.swift in Sources */,
				BCF2170625E1C7FC00D88066 /* Wallet.swift in Sources */,
				BC8ED70425EBC52C004E4868 /* TxnViewModel.swift in Sources */,
				BCF040DC25C07AA600D5A940 /* TabView.swift in Sources */,
				BC1720C525E2AB770026BEE4 /* ChartView.swift in Sources */,
				BCF040CA25C0602700D5A940 /* SpotPriceViewModel.swift in Sources */,
				BC1720B525E281CC0026BEE4 /* WalletSpotAssetViewModel.swift in Sources */,
				BC8ED70125EBC4E3004E4868 /* TxnModel.swift in Sources */,
				BC1720C825E2B3BB0026BEE4 /* ChartViewModel.swift in Sources */,
				BC40F4E925C2F068009D4FA9 /* WalletView.swift in Sources */,
				BC1720BB25E283250026BEE4 /* ErrorModel.swift in Sources */,
				BC2EAD5E25BC8452004AB5D8 /* ContentView.swift in Sources */,
				BC1720BE25E294150026BEE4 /* FiatSelectView.swift in Sources */,
				BC8ED70725EBC815004E4868 /* TnxListView.swift in Sources */,
				BCF040C425C05E5500D5A940 /* SpotPriceModel.swift in Sources */,
				BC1720B825E281FB0026BEE4 /* BalanceModel.swift in Sources */,
				BCCF501325C455C300008B11 /* CurrencySelectView.swift in Sources */,
				BCF040C125C0508C00D5A940 /* spotPricesView.swift in Sources */,
				BCF040BC25BF5A9D00D5A940 /* HomeView.swift in Sources */,
				BC1720B225E281970026BEE4 /* WalletSpotAssetView.swift in Sources */,
				BCF040D925C0708A00D5A940 /* LottieView.swift in Sources */,
				BC2EAD5C25BC8452004AB5D8 /* Dash_MonkeyApp.swift in Sources */,
				BCF040D125C0654300D5A940 /* Globals.swift in Sources */,
				BCFDEE6825C878E700CACCED /* AddAddressView.swift in Sources */,
			);
			runOnlyForDeploymentPostprocessing = 0;
		};
/* End PBXSourcesBuildPhase section */

/* Begin XCBuildConfiguration section */
		BC2EAD6A25BC8453004AB5D8 /* Debug */ = {
			isa = XCBuildConfiguration;
			buildSettings = {
				ALWAYS_SEARCH_USER_PATHS = NO;
				CLANG_ANALYZER_NONNULL = YES;
				CLANG_ANALYZER_NUMBER_OBJECT_CONVERSION = YES_AGGRESSIVE;
				CLANG_CXX_LANGUAGE_STANDARD = "gnu++14";
				CLANG_CXX_LIBRARY = "libc++";
				CLANG_ENABLE_MODULES = YES;
				CLANG_ENABLE_OBJC_ARC = YES;
				CLANG_ENABLE_OBJC_WEAK = YES;
				CLANG_WARN_BLOCK_CAPTURE_AUTORELEASING = YES;
				CLANG_WARN_BOOL_CONVERSION = YES;
				CLANG_WARN_COMMA = YES;
				CLANG_WARN_CONSTANT_CONVERSION = YES;
				CLANG_WARN_DEPRECATED_OBJC_IMPLEMENTATIONS = YES;
				CLANG_WARN_DIRECT_OBJC_ISA_USAGE = YES_ERROR;
				CLANG_WARN_DOCUMENTATION_COMMENTS = YES;
				CLANG_WARN_EMPTY_BODY = YES;
				CLANG_WARN_ENUM_CONVERSION = YES;
				CLANG_WARN_INFINITE_RECURSION = YES;
				CLANG_WARN_INT_CONVERSION = YES;
				CLANG_WARN_NON_LITERAL_NULL_CONVERSION = YES;
				CLANG_WARN_OBJC_IMPLICIT_RETAIN_SELF = YES;
				CLANG_WARN_OBJC_LITERAL_CONVERSION = YES;
				CLANG_WARN_OBJC_ROOT_CLASS = YES_ERROR;
				CLANG_WARN_QUOTED_INCLUDE_IN_FRAMEWORK_HEADER = YES;
				CLANG_WARN_RANGE_LOOP_ANALYSIS = YES;
				CLANG_WARN_STRICT_PROTOTYPES = YES;
				CLANG_WARN_SUSPICIOUS_MOVE = YES;
				CLANG_WARN_UNGUARDED_AVAILABILITY = YES_AGGRESSIVE;
				CLANG_WARN_UNREACHABLE_CODE = YES;
				CLANG_WARN__DUPLICATE_METHOD_MATCH = YES;
				COPY_PHASE_STRIP = NO;
				DEBUG_INFORMATION_FORMAT = dwarf;
				ENABLE_STRICT_OBJC_MSGSEND = YES;
				ENABLE_TESTABILITY = YES;
				GCC_C_LANGUAGE_STANDARD = gnu11;
				GCC_DYNAMIC_NO_PIC = NO;
				GCC_NO_COMMON_BLOCKS = YES;
				GCC_OPTIMIZATION_LEVEL = 0;
				GCC_PREPROCESSOR_DEFINITIONS = (
					"DEBUG=1",
					"$(inherited)",
				);
				GCC_WARN_64_TO_32_BIT_CONVERSION = YES;
				GCC_WARN_ABOUT_RETURN_TYPE = YES_ERROR;
				GCC_WARN_UNDECLARED_SELECTOR = YES;
				GCC_WARN_UNINITIALIZED_AUTOS = YES_AGGRESSIVE;
				GCC_WARN_UNUSED_FUNCTION = YES;
				GCC_WARN_UNUSED_VARIABLE = YES;
				IPHONEOS_DEPLOYMENT_TARGET = 14.2;
				MTL_ENABLE_DEBUG_INFO = INCLUDE_SOURCE;
				MTL_FAST_MATH = YES;
				ONLY_ACTIVE_ARCH = YES;
				SDKROOT = iphoneos;
				SWIFT_ACTIVE_COMPILATION_CONDITIONS = DEBUG;
				SWIFT_OPTIMIZATION_LEVEL = "-Onone";
			};
			name = Debug;
		};
		BC2EAD6B25BC8453004AB5D8 /* Release */ = {
			isa = XCBuildConfiguration;
			buildSettings = {
				ALWAYS_SEARCH_USER_PATHS = NO;
				CLANG_ANALYZER_NONNULL = YES;
				CLANG_ANALYZER_NUMBER_OBJECT_CONVERSION = YES_AGGRESSIVE;
				CLANG_CXX_LANGUAGE_STANDARD = "gnu++14";
				CLANG_CXX_LIBRARY = "libc++";
				CLANG_ENABLE_MODULES = YES;
				CLANG_ENABLE_OBJC_ARC = YES;
				CLANG_ENABLE_OBJC_WEAK = YES;
				CLANG_WARN_BLOCK_CAPTURE_AUTORELEASING = YES;
				CLANG_WARN_BOOL_CONVERSION = YES;
				CLANG_WARN_COMMA = YES;
				CLANG_WARN_CONSTANT_CONVERSION = YES;
				CLANG_WARN_DEPRECATED_OBJC_IMPLEMENTATIONS = YES;
				CLANG_WARN_DIRECT_OBJC_ISA_USAGE = YES_ERROR;
				CLANG_WARN_DOCUMENTATION_COMMENTS = YES;
				CLANG_WARN_EMPTY_BODY = YES;
				CLANG_WARN_ENUM_CONVERSION = YES;
				CLANG_WARN_INFINITE_RECURSION = YES;
				CLANG_WARN_INT_CONVERSION = YES;
				CLANG_WARN_NON_LITERAL_NULL_CONVERSION = YES;
				CLANG_WARN_OBJC_IMPLICIT_RETAIN_SELF = YES;
				CLANG_WARN_OBJC_LITERAL_CONVERSION = YES;
				CLANG_WARN_OBJC_ROOT_CLASS = YES_ERROR;
				CLANG_WARN_QUOTED_INCLUDE_IN_FRAMEWORK_HEADER = YES;
				CLANG_WARN_RANGE_LOOP_ANALYSIS = YES;
				CLANG_WARN_STRICT_PROTOTYPES = YES;
				CLANG_WARN_SUSPICIOUS_MOVE = YES;
				CLANG_WARN_UNGUARDED_AVAILABILITY = YES_AGGRESSIVE;
				CLANG_WARN_UNREACHABLE_CODE = YES;
				CLANG_WARN__DUPLICATE_METHOD_MATCH = YES;
				COPY_PHASE_STRIP = NO;
				DEBUG_INFORMATION_FORMAT = "dwarf-with-dsym";
				ENABLE_NS_ASSERTIONS = NO;
				ENABLE_STRICT_OBJC_MSGSEND = YES;
				GCC_C_LANGUAGE_STANDARD = gnu11;
				GCC_NO_COMMON_BLOCKS = YES;
				GCC_WARN_64_TO_32_BIT_CONVERSION = YES;
				GCC_WARN_ABOUT_RETURN_TYPE = YES_ERROR;
				GCC_WARN_UNDECLARED_SELECTOR = YES;
				GCC_WARN_UNINITIALIZED_AUTOS = YES_AGGRESSIVE;
				GCC_WARN_UNUSED_FUNCTION = YES;
				GCC_WARN_UNUSED_VARIABLE = YES;
				IPHONEOS_DEPLOYMENT_TARGET = 14.2;
				MTL_ENABLE_DEBUG_INFO = NO;
				MTL_FAST_MATH = YES;
				SDKROOT = iphoneos;
				SWIFT_COMPILATION_MODE = wholemodule;
				SWIFT_OPTIMIZATION_LEVEL = "-O";
				VALIDATE_PRODUCT = YES;
			};
			name = Release;
		};
		BC2EAD6D25BC8453004AB5D8 /* Debug */ = {
			isa = XCBuildConfiguration;
			baseConfigurationReference = 6AA3CE354A8A8991490E8C89 /* Pods-Dash Monkey.debug.xcconfig */;
			buildSettings = {
				ASSETCATALOG_COMPILER_APPICON_NAME = AppIcon;
				ASSETCATALOG_COMPILER_GLOBAL_ACCENT_COLOR_NAME = AccentColor;
				CODE_SIGN_STYLE = Automatic;
				DEVELOPMENT_ASSET_PATHS = "\"Dash Monkey/Preview Content\"";
				DEVELOPMENT_TEAM = F52AS242XV;
				ENABLE_PREVIEWS = YES;
				INFOPLIST_FILE = "Dash Monkey/Info.plist";
				IPHONEOS_DEPLOYMENT_TARGET = 14.0;
				LD_RUNPATH_SEARCH_PATHS = (
					"$(inherited)",
					"@executable_path/Frameworks",
				);
				PRODUCT_BUNDLE_IDENTIFIER = "com.beauth.Dash-Monke";
				PRODUCT_NAME = "$(TARGET_NAME)";
				SWIFT_VERSION = 5.0;
				TARGETED_DEVICE_FAMILY = 1;
			};
			name = Debug;
		};
		BC2EAD6E25BC8453004AB5D8 /* Release */ = {
			isa = XCBuildConfiguration;
			baseConfigurationReference = B4E72BDCED8CA085800CCA3C /* Pods-Dash Monkey.release.xcconfig */;
			buildSettings = {
				ASSETCATALOG_COMPILER_APPICON_NAME = AppIcon;
				ASSETCATALOG_COMPILER_GLOBAL_ACCENT_COLOR_NAME = AccentColor;
				CODE_SIGN_STYLE = Automatic;
				DEVELOPMENT_ASSET_PATHS = "\"Dash Monkey/Preview Content\"";
				DEVELOPMENT_TEAM = F52AS242XV;
				ENABLE_PREVIEWS = YES;
				INFOPLIST_FILE = "Dash Monkey/Info.plist";
				IPHONEOS_DEPLOYMENT_TARGET = 14.0;
				LD_RUNPATH_SEARCH_PATHS = (
					"$(inherited)",
					"@executable_path/Frameworks",
				);
				PRODUCT_BUNDLE_IDENTIFIER = "com.beauth.Dash-Monke";
				PRODUCT_NAME = "$(TARGET_NAME)";
				SWIFT_VERSION = 5.0;
				TARGETED_DEVICE_FAMILY = 1;
			};
			name = Release;
		};
/* End XCBuildConfiguration section */

/* Begin XCConfigurationList section */
		BC2EAD5325BC8452004AB5D8 /* Build configuration list for PBXProject "Dash Monkey" */ = {
			isa = XCConfigurationList;
			buildConfigurations = (
				BC2EAD6A25BC8453004AB5D8 /* Debug */,
				BC2EAD6B25BC8453004AB5D8 /* Release */,
			);
			defaultConfigurationIsVisible = 0;
			defaultConfigurationName = Release;
		};
		BC2EAD6C25BC8453004AB5D8 /* Build configuration list for PBXNativeTarget "Dash Monkey" */ = {
			isa = XCConfigurationList;
			buildConfigurations = (
				BC2EAD6D25BC8453004AB5D8 /* Debug */,
				BC2EAD6E25BC8453004AB5D8 /* Release */,
			);
			defaultConfigurationIsVisible = 0;
			defaultConfigurationName = Release;
		};
/* End XCConfigurationList section */

/* Begin XCRemoteSwiftPackageReference section */
		BC1720C025E2AB1D0026BEE4 /* XCRemoteSwiftPackageReference "ChartView" */ = {
			isa = XCRemoteSwiftPackageReference;
			repositoryURL = "https://github.com/AppPear/ChartView";
			requirement = {
				branch = master;
				kind = branch;
			};
		};
		BC2EAD7225BC8626004AB5D8 /* XCRemoteSwiftPackageReference "neumorphic" */ = {
			isa = XCRemoteSwiftPackageReference;
			repositoryURL = "https://github.com/costachung/neumorphic/";
			requirement = {
				kind = upToNextMajorVersion;
				minimumVersion = 1.2.6;
			};
		};
/* End XCRemoteSwiftPackageReference section */

/* Begin XCSwiftPackageProductDependency section */
		BC1720C125E2AB1D0026BEE4 /* SwiftUICharts */ = {
			isa = XCSwiftPackageProductDependency;
			package = BC1720C025E2AB1D0026BEE4 /* XCRemoteSwiftPackageReference "ChartView" */;
			productName = SwiftUICharts;
		};
		BC2EAD7325BC8626004AB5D8 /* Neumorphic */ = {
			isa = XCSwiftPackageProductDependency;
			package = BC2EAD7225BC8626004AB5D8 /* XCRemoteSwiftPackageReference "neumorphic" */;
			productName = Neumorphic;
		};
/* End XCSwiftPackageProductDependency section */
	};
	rootObject = BC2EAD5025BC8452004AB5D8 /* Project object */;
}
