// !$*UTF8*$!
{
	archiveVersion = 1;
	classes = {
	};
	objectVersion = 52;
	objects = {

/* Begin PBXBuildFile section */
		BC2EAD5C25BC8452004AB5D8 /* Dash_MonkeyApp.swift in Sources */ = {isa = PBXBuildFile; fileRef = BC2EAD5B25BC8452004AB5D8 /* Dash_MonkeyApp.swift */; };
		BC2EAD5E25BC8452004AB5D8 /* ContentView.swift in Sources */ = {isa = PBXBuildFile; fileRef = BC2EAD5D25BC8452004AB5D8 /* ContentView.swift */; };
		BC2EAD6025BC8453004AB5D8 /* Assets.xcassets in Resources */ = {isa = PBXBuildFile; fileRef = BC2EAD5F25BC8453004AB5D8 /* Assets.xcassets */; };
		BC2EAD6325BC8453004AB5D8 /* Preview Assets.xcassets in Resources */ = {isa = PBXBuildFile; fileRef = BC2EAD6225BC8453004AB5D8 /* Preview Assets.xcassets */; };
		BC2EAD6825BC8453004AB5D8 /* Dash_Monkey.xcdatamodeld in Sources */ = {isa = PBXBuildFile; fileRef = BC2EAD6625BC8453004AB5D8 /* Dash_Monkey.xcdatamodeld */; };
		BC2EAD7425BC8626004AB5D8 /* Neumorphic in Frameworks */ = {isa = PBXBuildFile; productRef = BC2EAD7325BC8626004AB5D8 /* Neumorphic */; };
		BC2EAD8225BC985F004AB5D8 /* .swiftlint.yml in Resources */ = {isa = PBXBuildFile; fileRef = BC2EAD8125BC985F004AB5D8 /* .swiftlint.yml */; };
		BC2EAD8D25BC99FD004AB5D8 /* .travis.yml in Resources */ = {isa = PBXBuildFile; fileRef = BC2EAD8C25BC99FD004AB5D8 /* .travis.yml */; };
		BCF040BC25BF5A9D00D5A940 /* HomeView.swift in Sources */ = {isa = PBXBuildFile; fileRef = BCF040BB25BF5A9D00D5A940 /* HomeView.swift */; };
		D94DF7F8B7414ACD7C065F15 /* Pods_Dash_Monkey.framework in Frameworks */ = {isa = PBXBuildFile; fileRef = 139717369839A5FE5CB3295A /* Pods_Dash_Monkey.framework */; };
/* End PBXBuildFile section */

/* Begin PBXFileReference section */
		139717369839A5FE5CB3295A /* Pods_Dash_Monkey.framework */ = {isa = PBXFileReference; explicitFileType = wrapper.framework; includeInIndex = 0; path = Pods_Dash_Monkey.framework; sourceTree = BUILT_PRODUCTS_DIR; };
		6AA3CE354A8A8991490E8C89 /* Pods-Dash Monkey.debug.xcconfig */ = {isa = PBXFileReference; includeInIndex = 1; lastKnownFileType = text.xcconfig; name = "Pods-Dash Monkey.debug.xcconfig"; path = "Target Support Files/Pods-Dash Monkey/Pods-Dash Monkey.debug.xcconfig"; sourceTree = "<group>"; };
		B4E72BDCED8CA085800CCA3C /* Pods-Dash Monkey.release.xcconfig */ = {isa = PBXFileReference; includeInIndex = 1; lastKnownFileType = text.xcconfig; name = "Pods-Dash Monkey.release.xcconfig"; path = "Target Support Files/Pods-Dash Monkey/Pods-Dash Monkey.release.xcconfig"; sourceTree = "<group>"; };
		BC2EAD5825BC8452004AB5D8 /* Dash Monkey.app */ = {isa = PBXFileReference; explicitFileType = wrapper.application; includeInIndex = 0; path = "Dash Monkey.app"; sourceTree = BUILT_PRODUCTS_DIR; };
		BC2EAD5B25BC8452004AB5D8 /* Dash_MonkeyApp.swift */ = {isa = PBXFileReference; lastKnownFileType = sourcecode.swift; path = Dash_MonkeyApp.swift; sourceTree = "<group>"; };
		BC2EAD5D25BC8452004AB5D8 /* ContentView.swift */ = {isa = PBXFileReference; lastKnownFileType = sourcecode.swift; path = ContentView.swift; sourceTree = "<group>"; };
		BC2EAD5F25BC8453004AB5D8 /* Assets.xcassets */ = {isa = PBXFileReference; lastKnownFileType = folder.assetcatalog; path = Assets.xcassets; sourceTree = "<group>"; };
		BC2EAD6225BC8453004AB5D8 /* Preview Assets.xcassets */ = {isa = PBXFileReference; lastKnownFileType = folder.assetcatalog; path = "Preview Assets.xcassets"; sourceTree = "<group>"; };
		BC2EAD6725BC8453004AB5D8 /* Dash_Monkey.xcdatamodel */ = {isa = PBXFileReference; lastKnownFileType = wrapper.xcdatamodel; path = Dash_Monkey.xcdatamodel; sourceTree = "<group>"; };
		BC2EAD6925BC8453004AB5D8 /* Info.plist */ = {isa = PBXFileReference; lastKnownFileType = text.plist.xml; path = Info.plist; sourceTree = "<group>"; };
		BC2EAD8125BC985F004AB5D8 /* .swiftlint.yml */ = {isa = PBXFileReference; lastKnownFileType = text.yaml; path = .swiftlint.yml; sourceTree = "<group>"; };
		BC2EAD8C25BC99FD004AB5D8 /* .travis.yml */ = {isa = PBXFileReference; lastKnownFileType = text.yaml; path = .travis.yml; sourceTree = "<group>"; };
		BCF040BB25BF5A9D00D5A940 /* HomeView.swift */ = {isa = PBXFileReference; lastKnownFileType = sourcecode.swift; path = HomeView.swift; sourceTree = "<group>"; };
/* End PBXFileReference section */

/* Begin PBXFrameworksBuildPhase section */
		BC2EAD5525BC8452004AB5D8 /* Frameworks */ = {
			isa = PBXFrameworksBuildPhase;
			buildActionMask = 2147483647;
			files = (
				BC2EAD7425BC8626004AB5D8 /* Neumorphic in Frameworks */,
				D94DF7F8B7414ACD7C065F15 /* Pods_Dash_Monkey.framework in Frameworks */,
			);
			runOnlyForDeploymentPostprocessing = 0;
		};
/* End PBXFrameworksBuildPhase section */

/* Begin PBXGroup section */
		8E40ECE8D08877099960B995 /* Frameworks */ = {
			isa = PBXGroup;
			children = (
				139717369839A5FE5CB3295A /* Pods_Dash_Monkey.framework */,
			);
			name = Frameworks;
			sourceTree = "<group>";
		};
		BC2EAD4F25BC8452004AB5D8 = {
			isa = PBXGroup;
			children = (
				BC2EAD8125BC985F004AB5D8 /* .swiftlint.yml */,
				BC2EAD8C25BC99FD004AB5D8 /* .travis.yml */,
				BC2EAD5A25BC8452004AB5D8 /* Dash Monkey */,
				BC2EAD5925BC8452004AB5D8 /* Products */,
				E6A891556625690849EFE9F6 /* Pods */,
				8E40ECE8D08877099960B995 /* Frameworks */,
			);
			sourceTree = "<group>";
		};
		BC2EAD5925BC8452004AB5D8 /* Products */ = {
			isa = PBXGroup;
			children = (
				BC2EAD5825BC8452004AB5D8 /* Dash Monkey.app */,
			);
			name = Products;
			sourceTree = "<group>";
		};
		BC2EAD5A25BC8452004AB5D8 /* Dash Monkey */ = {
			isa = PBXGroup;
			children = (
				BC837D6B25BF3F4700B97A79 /* Views */,
				BC837D6925BF3F2900B97A79 /* ViewModels */,
				BC837D6825BF3F1300B97A79 /* Models */,
				BC2EAD5B25BC8452004AB5D8 /* Dash_MonkeyApp.swift */,
				BC2EAD5D25BC8452004AB5D8 /* ContentView.swift */,
				BC2EAD5F25BC8453004AB5D8 /* Assets.xcassets */,
				BC2EAD6925BC8453004AB5D8 /* Info.plist */,
				BC2EAD6625BC8453004AB5D8 /* Dash_Monkey.xcdatamodeld */,
				BC2EAD6125BC8453004AB5D8 /* Preview Content */,
			);
			path = "Dash Monkey";
			sourceTree = "<group>";
		};
		BC2EAD6125BC8453004AB5D8 /* Preview Content */ = {
			isa = PBXGroup;
			children = (
				BC2EAD6225BC8453004AB5D8 /* Preview Assets.xcassets */,
			);
			path = "Preview Content";
			sourceTree = "<group>";
		};
		BC837D6825BF3F1300B97A79 /* Models */ = {
			isa = PBXGroup;
			children = (
			);
			path = Models;
			sourceTree = "<group>";
		};
		BC837D6925BF3F2900B97A79 /* ViewModels */ = {
			isa = PBXGroup;
			children = (
			);
			path = ViewModels;
			sourceTree = "<group>";
		};
		BC837D6B25BF3F4700B97A79 /* Views */ = {
			isa = PBXGroup;
			children = (
				BCF040BB25BF5A9D00D5A940 /* HomeView.swift */,
			);
			path = Views;
			sourceTree = "<group>";
		};
		E6A891556625690849EFE9F6 /* Pods */ = {
			isa = PBXGroup;
			children = (
				6AA3CE354A8A8991490E8C89 /* Pods-Dash Monkey.debug.xcconfig */,
				B4E72BDCED8CA085800CCA3C /* Pods-Dash Monkey.release.xcconfig */,
			);
			path = Pods;
			sourceTree = "<group>";
		};
/* End PBXGroup section */

/* Begin PBXNativeTarget section */
		BC2EAD5725BC8452004AB5D8 /* Dash Monkey */ = {
			isa = PBXNativeTarget;
			buildConfigurationList = BC2EAD6C25BC8453004AB5D8 /* Build configuration list for PBXNativeTarget "Dash Monkey" */;
			buildPhases = (
				B4BB7DC54148FF36F3D744F5 /* [CP] Check Pods Manifest.lock */,
				BC2EAD5425BC8452004AB5D8 /* Sources */,
				BC2EAD5525BC8452004AB5D8 /* Frameworks */,
				BC2EAD5625BC8452004AB5D8 /* Resources */,
				397A28C2C203AA0F3977E6EF /* [CP] Embed Pods Frameworks */,
				BC2EAD8425BC98AE004AB5D8 /* ShellScript */,
			);
			buildRules = (
			);
			dependencies = (
			);
			name = "Dash Monkey";
			packageProductDependencies = (
				BC2EAD7325BC8626004AB5D8 /* Neumorphic */,
			);
			productName = "Dash Monkey";
			productReference = BC2EAD5825BC8452004AB5D8 /* Dash Monkey.app */;
			productType = "com.apple.product-type.application";
		};
/* End PBXNativeTarget section */

/* Begin PBXProject section */
		BC2EAD5025BC8452004AB5D8 /* Project object */ = {
			isa = PBXProject;
			attributes = {
				LastSwiftUpdateCheck = 1220;
				LastUpgradeCheck = 1220;
				TargetAttributes = {
					BC2EAD5725BC8452004AB5D8 = {
						CreatedOnToolsVersion = 12.2;
					};
				};
			};
			buildConfigurationList = BC2EAD5325BC8452004AB5D8 /* Build configuration list for PBXProject "Dash Monkey" */;
			compatibilityVersion = "Xcode 9.3";
			developmentRegion = en;
			hasScannedForEncodings = 0;
			knownRegions = (
				en,
				Base,
			);
			mainGroup = BC2EAD4F25BC8452004AB5D8;
			packageReferences = (
				BC2EAD7225BC8626004AB5D8 /* XCRemoteSwiftPackageReference "neumorphic" */,
			);
			productRefGroup = BC2EAD5925BC8452004AB5D8 /* Products */;
			projectDirPath = "";
			projectRoot = "";
			targets = (
				BC2EAD5725BC8452004AB5D8 /* Dash Monkey */,
			);
		};
/* End PBXProject section */

/* Begin PBXResourcesBuildPhase section */
		BC2EAD5625BC8452004AB5D8 /* Resources */ = {
			isa = PBXResourcesBuildPhase;
			buildActionMask = 2147483647;
			files = (
				BC2EAD8225BC985F004AB5D8 /* .swiftlint.yml in Resources */,
				BC2EAD6325BC8453004AB5D8 /* Preview Assets.xcassets in Resources */,
				BC2EAD8D25BC99FD004AB5D8 /* .travis.yml in Resources */,
				BC2EAD6025BC8453004AB5D8 /* Assets.xcassets in Resources */,
			);
			runOnlyForDeploymentPostprocessing = 0;
		};
/* End PBXResourcesBuildPhase section */

/* Begin PBXShellScriptBuildPhase section */
		397A28C2C203AA0F3977E6EF /* [CP] Embed Pods Frameworks */ = {
			isa = PBXShellScriptBuildPhase;
			buildActionMask = 2147483647;
			files = (
			);
			inputFileListPaths = (
				"${PODS_ROOT}/Target Support Files/Pods-Dash Monkey/Pods-Dash Monkey-frameworks-${CONFIGURATION}-input-files.xcfilelist",
			);
			name = "[CP] Embed Pods Frameworks";
			outputFileListPaths = (
				"${PODS_ROOT}/Target Support Files/Pods-Dash Monkey/Pods-Dash Monkey-frameworks-${CONFIGURATION}-output-files.xcfilelist",
			);
			runOnlyForDeploymentPostprocessing = 0;
			shellPath = /bin/sh;
			shellScript = "\"${PODS_ROOT}/Target Support Files/Pods-Dash Monkey/Pods-Dash Monkey-frameworks.sh\"\n";
			showEnvVarsInLog = 0;
		};
		B4BB7DC54148FF36F3D744F5 /* [CP] Check Pods Manifest.lock */ = {
			isa = PBXShellScriptBuildPhase;
			buildActionMask = 2147483647;
			files = (
			);
			inputFileListPaths = (
			);
			inputPaths = (
				"${PODS_PODFILE_DIR_PATH}/Podfile.lock",
				"${PODS_ROOT}/Manifest.lock",
			);
			name = "[CP] Check Pods Manifest.lock";
			outputFileListPaths = (
			);
			outputPaths = (
				"$(DERIVED_FILE_DIR)/Pods-Dash Monkey-checkManifestLockResult.txt",
			);
			runOnlyForDeploymentPostprocessing = 0;
			shellPath = /bin/sh;
			shellScript = "diff \"${PODS_PODFILE_DIR_PATH}/Podfile.lock\" \"${PODS_ROOT}/Manifest.lock\" > /dev/null\nif [ $? != 0 ] ; then\n    # print error to STDERR\n    echo \"error: The sandbox is not in sync with the Podfile.lock. Run 'pod install' or update your CocoaPods installation.\" >&2\n    exit 1\nfi\n# This output is used by Xcode 'outputs' to avoid re-running this script phase.\necho \"SUCCESS\" > \"${SCRIPT_OUTPUT_FILE_0}\"\n";
			showEnvVarsInLog = 0;
		};
		BC2EAD8425BC98AE004AB5D8 /* ShellScript */ = {
			isa = PBXShellScriptBuildPhase;
			buildActionMask = 2147483647;
			files = (
			);
			inputFileListPaths = (
			);
			inputPaths = (
			);
			outputFileListPaths = (
			);
			outputPaths = (
			);
			runOnlyForDeploymentPostprocessing = 0;
			shellPath = /bin/sh;
			shellScript = "if which swiftlint >/dev/null; then\n    swiftlint\nelse\n    echo \"warning: SwiftLint not installed, download from https://github.com/realm/SwiftLint\"\nfi\n";
		};
/* End PBXShellScriptBuildPhase section */

/* Begin PBXSourcesBuildPhase section */
		BC2EAD5425BC8452004AB5D8 /* Sources */ = {
			isa = PBXSourcesBuildPhase;
			buildActionMask = 2147483647;
			files = (
				BC2EAD5E25BC8452004AB5D8 /* ContentView.swift in Sources */,
				BC2EAD6825BC8453004AB5D8 /* Dash_Monkey.xcdatamodeld in Sources */,
				BCF040BC25BF5A9D00D5A940 /* HomeView.swift in Sources */,
				BC2EAD5C25BC8452004AB5D8 /* Dash_MonkeyApp.swift in Sources */,
			);
			runOnlyForDeploymentPostprocessing = 0;
		};
/* End PBXSourcesBuildPhase section */

/* Begin XCBuildConfiguration section */
		BC2EAD6A25BC8453004AB5D8 /* Debug */ = {
			isa = XCBuildConfiguration;
			buildSettings = {
				ALWAYS_SEARCH_USER_PATHS = NO;
				CLANG_ANALYZER_NONNULL = YES;
				CLANG_ANALYZER_NUMBER_OBJECT_CONVERSION = YES_AGGRESSIVE;
				CLANG_CXX_LANGUAGE_STANDARD = "gnu++14";
				CLANG_CXX_LIBRARY = "libc++";
				CLANG_ENABLE_MODULES = YES;
				CLANG_ENABLE_OBJC_ARC = YES;
				CLANG_ENABLE_OBJC_WEAK = YES;
				CLANG_WARN_BLOCK_CAPTURE_AUTORELEASING = YES;
				CLANG_WARN_BOOL_CONVERSION = YES;
				CLANG_WARN_COMMA = YES;
				CLANG_WARN_CONSTANT_CONVERSION = YES;
				CLANG_WARN_DEPRECATED_OBJC_IMPLEMENTATIONS = YES;
				CLANG_WARN_DIRECT_OBJC_ISA_USAGE = YES_ERROR;
				CLANG_WARN_DOCUMENTATION_COMMENTS = YES;
				CLANG_WARN_EMPTY_BODY = YES;
				CLANG_WARN_ENUM_CONVERSION = YES;
				CLANG_WARN_INFINITE_RECURSION = YES;
				CLANG_WARN_INT_CONVERSION = YES;
				CLANG_WARN_NON_LITERAL_NULL_CONVERSION = YES;
				CLANG_WARN_OBJC_IMPLICIT_RETAIN_SELF = YES;
				CLANG_WARN_OBJC_LITERAL_CONVERSION = YES;
				CLANG_WARN_OBJC_ROOT_CLASS = YES_ERROR;
				CLANG_WARN_QUOTED_INCLUDE_IN_FRAMEWORK_HEADER = YES;
				CLANG_WARN_RANGE_LOOP_ANALYSIS = YES;
				CLANG_WARN_STRICT_PROTOTYPES = YES;
				CLANG_WARN_SUSPICIOUS_MOVE = YES;
				CLANG_WARN_UNGUARDED_AVAILABILITY = YES_AGGRESSIVE;
				CLANG_WARN_UNREACHABLE_CODE = YES;
				CLANG_WARN__DUPLICATE_METHOD_MATCH = YES;
				COPY_PHASE_STRIP = NO;
				DEBUG_INFORMATION_FORMAT = dwarf;
				ENABLE_STRICT_OBJC_MSGSEND = YES;
				ENABLE_TESTABILITY = YES;
				GCC_C_LANGUAGE_STANDARD = gnu11;
				GCC_DYNAMIC_NO_PIC = NO;
				GCC_NO_COMMON_BLOCKS = YES;
				GCC_OPTIMIZATION_LEVEL = 0;
				GCC_PREPROCESSOR_DEFINITIONS = (
					"DEBUG=1",
					"$(inherited)",
				);
				GCC_WARN_64_TO_32_BIT_CONVERSION = YES;
				GCC_WARN_ABOUT_RETURN_TYPE = YES_ERROR;
				GCC_WARN_UNDECLARED_SELECTOR = YES;
				GCC_WARN_UNINITIALIZED_AUTOS = YES_AGGRESSIVE;
				GCC_WARN_UNUSED_FUNCTION = YES;
				GCC_WARN_UNUSED_VARIABLE = YES;
				IPHONEOS_DEPLOYMENT_TARGET = 14.2;
				MTL_ENABLE_DEBUG_INFO = INCLUDE_SOURCE;
				MTL_FAST_MATH = YES;
				ONLY_ACTIVE_ARCH = YES;
				SDKROOT = iphoneos;
				SWIFT_ACTIVE_COMPILATION_CONDITIONS = DEBUG;
				SWIFT_OPTIMIZATION_LEVEL = "-Onone";
			};
			name = Debug;
		};
		BC2EAD6B25BC8453004AB5D8 /* Release */ = {
			isa = XCBuildConfiguration;
			buildSettings = {
				ALWAYS_SEARCH_USER_PATHS = NO;
				CLANG_ANALYZER_NONNULL = YES;
				CLANG_ANALYZER_NUMBER_OBJECT_CONVERSION = YES_AGGRESSIVE;
				CLANG_CXX_LANGUAGE_STANDARD = "gnu++14";
				CLANG_CXX_LIBRARY = "libc++";
				CLANG_ENABLE_MODULES = YES;
				CLANG_ENABLE_OBJC_ARC = YES;
				CLANG_ENABLE_OBJC_WEAK = YES;
				CLANG_WARN_BLOCK_CAPTURE_AUTORELEASING = YES;
				CLANG_WARN_BOOL_CONVERSION = YES;
				CLANG_WARN_COMMA = YES;
				CLANG_WARN_CONSTANT_CONVERSION = YES;
				CLANG_WARN_DEPRECATED_OBJC_IMPLEMENTATIONS = YES;
				CLANG_WARN_DIRECT_OBJC_ISA_USAGE = YES_ERROR;
				CLANG_WARN_DOCUMENTATION_COMMENTS = YES;
				CLANG_WARN_EMPTY_BODY = YES;
				CLANG_WARN_ENUM_CONVERSION = YES;
				CLANG_WARN_INFINITE_RECURSION = YES;
				CLANG_WARN_INT_CONVERSION = YES;
				CLANG_WARN_NON_LITERAL_NULL_CONVERSION = YES;
				CLANG_WARN_OBJC_IMPLICIT_RETAIN_SELF = YES;
				CLANG_WARN_OBJC_LITERAL_CONVERSION = YES;
				CLANG_WARN_OBJC_ROOT_CLASS = YES_ERROR;
				CLANG_WARN_QUOTED_INCLUDE_IN_FRAMEWORK_HEADER = YES;
				CLANG_WARN_RANGE_LOOP_ANALYSIS = YES;
				CLANG_WARN_STRICT_PROTOTYPES = YES;
				CLANG_WARN_SUSPICIOUS_MOVE = YES;
				CLANG_WARN_UNGUARDED_AVAILABILITY = YES_AGGRESSIVE;
				CLANG_WARN_UNREACHABLE_CODE = YES;
				CLANG_WARN__DUPLICATE_METHOD_MATCH = YES;
				COPY_PHASE_STRIP = NO;
				DEBUG_INFORMATION_FORMAT = "dwarf-with-dsym";
				ENABLE_NS_ASSERTIONS = NO;
				ENABLE_STRICT_OBJC_MSGSEND = YES;
				GCC_C_LANGUAGE_STANDARD = gnu11;
				GCC_NO_COMMON_BLOCKS = YES;
				GCC_WARN_64_TO_32_BIT_CONVERSION = YES;
				GCC_WARN_ABOUT_RETURN_TYPE = YES_ERROR;
				GCC_WARN_UNDECLARED_SELECTOR = YES;
				GCC_WARN_UNINITIALIZED_AUTOS = YES_AGGRESSIVE;
				GCC_WARN_UNUSED_FUNCTION = YES;
				GCC_WARN_UNUSED_VARIABLE = YES;
				IPHONEOS_DEPLOYMENT_TARGET = 14.2;
				MTL_ENABLE_DEBUG_INFO = NO;
				MTL_FAST_MATH = YES;
				SDKROOT = iphoneos;
				SWIFT_COMPILATION_MODE = wholemodule;
				SWIFT_OPTIMIZATION_LEVEL = "-O";
				VALIDATE_PRODUCT = YES;
			};
			name = Release;
		};
		BC2EAD6D25BC8453004AB5D8 /* Debug */ = {
			isa = XCBuildConfiguration;
			baseConfigurationReference = 6AA3CE354A8A8991490E8C89 /* Pods-Dash Monkey.debug.xcconfig */;
			buildSettings = {
				ASSETCATALOG_COMPILER_APPICON_NAME = AppIcon;
				ASSETCATALOG_COMPILER_GLOBAL_ACCENT_COLOR_NAME = AccentColor;
				CODE_SIGN_STYLE = Automatic;
				DEVELOPMENT_ASSET_PATHS = "\"Dash Monkey/Preview Content\"";
				DEVELOPMENT_TEAM = FYS9RNAGTV;
				ENABLE_PREVIEWS = YES;
				INFOPLIST_FILE = "Dash Monkey/Info.plist";
				IPHONEOS_DEPLOYMENT_TARGET = 14.0;
				LD_RUNPATH_SEARCH_PATHS = (
					"$(inherited)",
					"@executable_path/Frameworks",
				);
				PRODUCT_BUNDLE_IDENTIFIER = "com.monkey.Dash-Monkey";
				PRODUCT_NAME = "$(TARGET_NAME)";
				SWIFT_VERSION = 5.0;
				TARGETED_DEVICE_FAMILY = "1,2";
			};
			name = Debug;
		};
		BC2EAD6E25BC8453004AB5D8 /* Release */ = {
			isa = XCBuildConfiguration;
			baseConfigurationReference = B4E72BDCED8CA085800CCA3C /* Pods-Dash Monkey.release.xcconfig */;
			buildSettings = {
				ASSETCATALOG_COMPILER_APPICON_NAME = AppIcon;
				ASSETCATALOG_COMPILER_GLOBAL_ACCENT_COLOR_NAME = AccentColor;
				CODE_SIGN_STYLE = Automatic;
				DEVELOPMENT_ASSET_PATHS = "\"Dash Monkey/Preview Content\"";
				DEVELOPMENT_TEAM = FYS9RNAGTV;
				ENABLE_PREVIEWS = YES;
				INFOPLIST_FILE = "Dash Monkey/Info.plist";
				IPHONEOS_DEPLOYMENT_TARGET = 14.0;
				LD_RUNPATH_SEARCH_PATHS = (
					"$(inherited)",
					"@executable_path/Frameworks",
				);
				PRODUCT_BUNDLE_IDENTIFIER = "com.monkey.Dash-Monkey";
				PRODUCT_NAME = "$(TARGET_NAME)";
				SWIFT_VERSION = 5.0;
				TARGETED_DEVICE_FAMILY = "1,2";
			};
			name = Release;
		};
/* End XCBuildConfiguration section */

/* Begin XCConfigurationList section */
		BC2EAD5325BC8452004AB5D8 /* Build configuration list for PBXProject "Dash Monkey" */ = {
			isa = XCConfigurationList;
			buildConfigurations = (
				BC2EAD6A25BC8453004AB5D8 /* Debug */,
				BC2EAD6B25BC8453004AB5D8 /* Release */,
			);
			defaultConfigurationIsVisible = 0;
			defaultConfigurationName = Release;
		};
		BC2EAD6C25BC8453004AB5D8 /* Build configuration list for PBXNativeTarget "Dash Monkey" */ = {
			isa = XCConfigurationList;
			buildConfigurations = (
				BC2EAD6D25BC8453004AB5D8 /* Debug */,
				BC2EAD6E25BC8453004AB5D8 /* Release */,
			);
			defaultConfigurationIsVisible = 0;
			defaultConfigurationName = Release;
		};
/* End XCConfigurationList section */

/* Begin XCRemoteSwiftPackageReference section */
		BC2EAD7225BC8626004AB5D8 /* XCRemoteSwiftPackageReference "neumorphic" */ = {
			isa = XCRemoteSwiftPackageReference;
			repositoryURL = "https://github.com/costachung/neumorphic/";
			requirement = {
				kind = upToNextMajorVersion;
				minimumVersion = 1.2.6;
			};
		};
/* End XCRemoteSwiftPackageReference section */

/* Begin XCSwiftPackageProductDependency section */
		BC2EAD7325BC8626004AB5D8 /* Neumorphic */ = {
			isa = XCSwiftPackageProductDependency;
			package = BC2EAD7225BC8626004AB5D8 /* XCRemoteSwiftPackageReference "neumorphic" */;
			productName = Neumorphic;
		};
/* End XCSwiftPackageProductDependency section */

/* Begin XCVersionGroup section */
		BC2EAD6625BC8453004AB5D8 /* Dash_Monkey.xcdatamodeld */ = {
			isa = XCVersionGroup;
			children = (
				BC2EAD6725BC8453004AB5D8 /* Dash_Monkey.xcdatamodel */,
			);
			currentVersion = BC2EAD6725BC8453004AB5D8 /* Dash_Monkey.xcdatamodel */;
			path = Dash_Monkey.xcdatamodeld;
			sourceTree = "<group>";
			versionGroupType = wrapper.xcdatamodel;
		};
/* End XCVersionGroup section */
	};
	rootObject = BC2EAD5025BC8452004AB5D8 /* Project object */;
}
