{
  "object": {
    "pins": [
      {
        "package": "SwiftUICharts",
        "repositoryURL": "https://github.com/AppPear/ChartView",
        "state": {
          "branch": "master",
          "revision": "08f0053b164f05ccbdb7153b1b3b10b565e8f1f1",
          "version": null
        }
      },
      {
        "package": "Neumorphic",
        "repositoryURL": "https://github.com/costachung/neumorphic/",
        "state": {
          "branch": null,
          "revision": "df59e5e82ab335243848508ccb6e689fffdf596e",
          "version": "1.2.6"
        }
      }
    ]
  },
  "version": 1
}
